
Microsoft Visual Studio Solution File, Format Version 12.00
# Visual Studio Version 16
VisualStudioVersion = 16.0.29613.14
MinimumVisualStudioVersion = 10.0.40219.1
Project("{FAE04EC0-301F-11D3-BF4B-00C04F79EFBC}") = "SimpleDataApp", "SimpleDataApp.csproj", "{11601D68-D1EC-4C57-B609-54F0EF701240}"
EndProject
Global
	GlobalSection(SolutionConfigurationPlatforms) = preSolution
		Debug|Any CPU = Debug|Any CPU
		Release|Any CPU = Release|Any CPU
	EndGlobalSection
	GlobalSection(ProjectConfigurationPlatforms) = postSolution
		{11601D68-D1EC-4C57-B609-54F0EF701240}.Debug|Any CPU.ActiveCfg = Debug|Any CPU
		{11601D68-D1EC-4C57-B609-54F0EF701240}.Debug|Any CPU.Build.0 = Debug|Any CPU
		{11601D68-D1EC-4C57-B609-54F0EF701240}.Release|Any CPU.ActiveCfg = Release|Any CPU
		{11601D68-D1EC-4C57-B609-54F0EF701240}.Release|Any CPU.Build.0 = Release|Any CPU
	EndGlobalSection
	GlobalSection(SolutionProperties) = preSolution
		HideSolutionNode = FALSE
	EndGlobalSection
	GlobalSection(ExtensibilityGlobals) = postSolution
		SolutionGuid = {CE807D3A-54D8-4178-81E7-307C1AEA613E}
	EndGlobalSection
EndGlobal
