
Microsoft Visual Studio Solution File, Format Version 12.00
# Visual Studio Version 16
VisualStudioVersion = 16.0.29613.14
MinimumVisualStudioVersion = 10.0.40219.1
Project("{FAE04EC0-301F-11D3-BF4B-00C04F79EFBC}") = "ADetailedDataBindingTutorial", "ADetailedDataBindingTutorial\ADetailedDataBindingTutorial.csproj", "{A71BF131-2CF8-4132-A0A7-786F68BFFFDE}"
EndProject
Project("{FAE04EC0-301F-11D3-BF4B-00C04F79EFBC}") = "ControlBindingsCollection", "ControlBindingsCollection\ControlBindingsCollection.csproj", "{81513DD2-55CE-4C0F-9CC5-279A54BFCACA}"
EndProject
Project("{2150E333-8FDC-42A3-9474-1A3956D46DE8}") = "Akadia Examples", "Akadia Examples", "{CA86C742-B854-4DB2-8C96-9B04729F5D64}"
EndProject
Global
	GlobalSection(SolutionConfigurationPlatforms) = preSolution
		Debug|Any CPU = Debug|Any CPU
		Release|Any CPU = Release|Any CPU
	EndGlobalSection
	GlobalSection(ProjectConfigurationPlatforms) = postSolution
		{A71BF131-2CF8-4132-A0A7-786F68BFFFDE}.Debug|Any CPU.ActiveCfg = Debug|Any CPU
		{A71BF131-2CF8-4132-A0A7-786F68BFFFDE}.Debug|Any CPU.Build.0 = Debug|Any CPU
		{A71BF131-2CF8-4132-A0A7-786F68BFFFDE}.Release|Any CPU.ActiveCfg = Release|Any CPU
		{A71BF131-2CF8-4132-A0A7-786F68BFFFDE}.Release|Any CPU.Build.0 = Release|Any CPU
		{81513DD2-55CE-4C0F-9CC5-279A54BFCACA}.Debug|Any CPU.ActiveCfg = Debug|Any CPU
		{81513DD2-55CE-4C0F-9CC5-279A54BFCACA}.Debug|Any CPU.Build.0 = Debug|Any CPU
		{81513DD2-55CE-4C0F-9CC5-279A54BFCACA}.Release|Any CPU.ActiveCfg = Release|Any CPU
		{81513DD2-55CE-4C0F-9CC5-279A54BFCACA}.Release|Any CPU.Build.0 = Release|Any CPU
	EndGlobalSection
	GlobalSection(SolutionProperties) = preSolution
		HideSolutionNode = FALSE
	EndGlobalSection
	GlobalSection(ExtensibilityGlobals) = postSolution
		SolutionGuid = {D7D65113-A588-4F8F-98DD-A1F973A8157D}
	EndGlobalSection
EndGlobal
