
Microsoft Visual Studio Solution File, Format Version 12.00
# Visual Studio Version 16
VisualStudioVersion = 16.0.29613.14
MinimumVisualStudioVersion = 10.0.40219.1
Project("{FAE04EC0-301F-11D3-BF4B-00C04F79EFBC}") = "ConfigurationClassExample01", "ConfigutationClassExample01\ConfigurationClassExample01.csproj", "{EA08B2CF-B00E-4A69-A8CA-0134B4C8203C}"
EndProject
Global
	GlobalSection(SolutionConfigurationPlatforms) = preSolution
		Debug|Any CPU = Debug|Any CPU
		Release|Any CPU = Release|Any CPU
	EndGlobalSection
	GlobalSection(ProjectConfigurationPlatforms) = postSolution
		{EA08B2CF-B00E-4A69-A8CA-0134B4C8203C}.Debug|Any CPU.ActiveCfg = Debug|Any CPU
		{EA08B2CF-B00E-4A69-A8CA-0134B4C8203C}.Debug|Any CPU.Build.0 = Debug|Any CPU
		{EA08B2CF-B00E-4A69-A8CA-0134B4C8203C}.Release|Any CPU.ActiveCfg = Release|Any CPU
		{EA08B2CF-B00E-4A69-A8CA-0134B4C8203C}.Release|Any CPU.Build.0 = Release|Any CPU
	EndGlobalSection
	GlobalSection(SolutionProperties) = preSolution
		HideSolutionNode = FALSE
	EndGlobalSection
	GlobalSection(ExtensibilityGlobals) = postSolution
		SolutionGuid = {4EB04FF4-27BE-45B9-9BCE-B7B084A89A52}
	EndGlobalSection
EndGlobal
