
Microsoft Visual Studio Solution File, Format Version 12.00
# Visual Studio Version 16
VisualStudioVersion = 16.0.29613.14
MinimumVisualStudioVersion = 10.0.40219.1
Project("{FAE04EC0-301F-11D3-BF4B-00C04F79EFBC}") = "TestCodeFirst", "TestCodeFirst\TestCodeFirst.csproj", "{3E755A20-C080-4348-907A-4E9267C99D29}"
EndProject
Project("{FAE04EC0-301F-11D3-BF4B-00C04F79EFBC}") = "TestModelFirst", "TestModelFirst\TestModelFirst.csproj", "{1BF90956-195B-4E1E-97D8-C84DBD0695F5}"
EndProject
Global
	GlobalSection(SolutionConfigurationPlatforms) = preSolution
		Debug|Any CPU = Debug|Any CPU
		Release|Any CPU = Release|Any CPU
	EndGlobalSection
	GlobalSection(ProjectConfigurationPlatforms) = postSolution
		{3E755A20-C080-4348-907A-4E9267C99D29}.Debug|Any CPU.ActiveCfg = Debug|Any CPU
		{3E755A20-C080-4348-907A-4E9267C99D29}.Debug|Any CPU.Build.0 = Debug|Any CPU
		{3E755A20-C080-4348-907A-4E9267C99D29}.Release|Any CPU.ActiveCfg = Release|Any CPU
		{3E755A20-C080-4348-907A-4E9267C99D29}.Release|Any CPU.Build.0 = Release|Any CPU
		{1BF90956-195B-4E1E-97D8-C84DBD0695F5}.Debug|Any CPU.ActiveCfg = Debug|Any CPU
		{1BF90956-195B-4E1E-97D8-C84DBD0695F5}.Debug|Any CPU.Build.0 = Debug|Any CPU
		{1BF90956-195B-4E1E-97D8-C84DBD0695F5}.Release|Any CPU.ActiveCfg = Release|Any CPU
		{1BF90956-195B-4E1E-97D8-C84DBD0695F5}.Release|Any CPU.Build.0 = Release|Any CPU
	EndGlobalSection
	GlobalSection(SolutionProperties) = preSolution
		HideSolutionNode = FALSE
	EndGlobalSection
	GlobalSection(ExtensibilityGlobals) = postSolution
		SolutionGuid = {319B2440-3555-4AC1-AE2A-13BABA6AF279}
	EndGlobalSection
EndGlobal
