
Microsoft Visual Studio Solution File, Format Version 12.00
# Visual Studio Version 16
VisualStudioVersion = 16.0.29613.14
MinimumVisualStudioVersion = 10.0.40219.1
Project("{FAE04EC0-301F-11D3-BF4B-00C04F79EFBC}") = "LoadDatabase", "LoadDatabase\LoadDatabase.csproj", "{BD08260D-30A8-43CC-A9B4-44A2BB7C6EEC}"
EndProject
Project("{2150E333-8FDC-42A3-9474-1A3956D46DE8}") = "Solution Items", "Solution Items", "{C70A6C68-B727-44CC-A4F7-E1A73BFEAE76}"
	ProjectSection(SolutionItems) = preProject
		.editorconfig = .editorconfig
	EndProjectSection
EndProject
Global
	GlobalSection(SolutionConfigurationPlatforms) = preSolution
		Debug|Any CPU = Debug|Any CPU
		Release|Any CPU = Release|Any CPU
	EndGlobalSection
	GlobalSection(ProjectConfigurationPlatforms) = postSolution
		{BD08260D-30A8-43CC-A9B4-44A2BB7C6EEC}.Debug|Any CPU.ActiveCfg = Debug|Any CPU
		{BD08260D-30A8-43CC-A9B4-44A2BB7C6EEC}.Debug|Any CPU.Build.0 = Debug|Any CPU
		{BD08260D-30A8-43CC-A9B4-44A2BB7C6EEC}.Release|Any CPU.ActiveCfg = Release|Any CPU
		{BD08260D-30A8-43CC-A9B4-44A2BB7C6EEC}.Release|Any CPU.Build.0 = Release|Any CPU
	EndGlobalSection
	GlobalSection(SolutionProperties) = preSolution
		HideSolutionNode = FALSE
	EndGlobalSection
	GlobalSection(ExtensibilityGlobals) = postSolution
		SolutionGuid = {00F358BE-9A60-4869-A8F0-03FD41F6B300}
	EndGlobalSection
EndGlobal
