
Microsoft Visual Studio Solution File, Format Version 12.00
# Visual Studio Version 16
VisualStudioVersion = 16.0.29613.14
MinimumVisualStudioVersion = 10.0.40219.1
Project("{FAE04EC0-301F-11D3-BF4B-00C04F79EFBC}") = "SimpleEFModelFirst", "SimpleEFModelFirst\SimpleEFModelFirst.csproj", "{45B7FAEB-F531-4354-9BF1-FA3AEFF003F3}"
EndProject
Project("{FAE04EC0-301F-11D3-BF4B-00C04F79EFBC}") = "TestBasicQuery", "TestBasicQuery\TestBasicQuery.csproj", "{AB084AFC-78BA-4D2D-A307-A53FE5ACDA06}"
EndProject
Global
	GlobalSection(SolutionConfigurationPlatforms) = preSolution
		Debug|Any CPU = Debug|Any CPU
		Release|Any CPU = Release|Any CPU
	EndGlobalSection
	GlobalSection(ProjectConfigurationPlatforms) = postSolution
		{45B7FAEB-F531-4354-9BF1-FA3AEFF003F3}.Debug|Any CPU.ActiveCfg = Debug|Any CPU
		{45B7FAEB-F531-4354-9BF1-FA3AEFF003F3}.Debug|Any CPU.Build.0 = Debug|Any CPU
		{45B7FAEB-F531-4354-9BF1-FA3AEFF003F3}.Release|Any CPU.ActiveCfg = Release|Any CPU
		{45B7FAEB-F531-4354-9BF1-FA3AEFF003F3}.Release|Any CPU.Build.0 = Release|Any CPU
		{AB084AFC-78BA-4D2D-A307-A53FE5ACDA06}.Debug|Any CPU.ActiveCfg = Debug|Any CPU
		{AB084AFC-78BA-4D2D-A307-A53FE5ACDA06}.Debug|Any CPU.Build.0 = Debug|Any CPU
		{AB084AFC-78BA-4D2D-A307-A53FE5ACDA06}.Release|Any CPU.ActiveCfg = Release|Any CPU
		{AB084AFC-78BA-4D2D-A307-A53FE5ACDA06}.Release|Any CPU.Build.0 = Release|Any CPU
	EndGlobalSection
	GlobalSection(SolutionProperties) = preSolution
		HideSolutionNode = FALSE
	EndGlobalSection
	GlobalSection(ExtensibilityGlobals) = postSolution
		SolutionGuid = {C62CADF9-0164-4A78-BD75-218BD5F7A985}
	EndGlobalSection
EndGlobal
