
Microsoft Visual Studio Solution File, Format Version 12.00
# Visual Studio Version 16
VisualStudioVersion = 16.0.29613.14
MinimumVisualStudioVersion = 10.0.40219.1
Project("{FAE04EC0-301F-11D3-BF4B-00C04F79EFBC}") = "ModelFirstSample01", "ModelFirstSample01\ModelFirstSample01.csproj", "{1380E25E-A6FF-4ACD-B2E6-B654D158D57D}"
EndProject
Global
	GlobalSection(SolutionConfigurationPlatforms) = preSolution
		Debug|Any CPU = Debug|Any CPU
		Release|Any CPU = Release|Any CPU
	EndGlobalSection
	GlobalSection(ProjectConfigurationPlatforms) = postSolution
		{1380E25E-A6FF-4ACD-B2E6-B654D158D57D}.Debug|Any CPU.ActiveCfg = Debug|Any CPU
		{1380E25E-A6FF-4ACD-B2E6-B654D158D57D}.Debug|Any CPU.Build.0 = Debug|Any CPU
		{1380E25E-A6FF-4ACD-B2E6-B654D158D57D}.Release|Any CPU.ActiveCfg = Release|Any CPU
		{1380E25E-A6FF-4ACD-B2E6-B654D158D57D}.Release|Any CPU.Build.0 = Release|Any CPU
	EndGlobalSection
	GlobalSection(SolutionProperties) = preSolution
		HideSolutionNode = FALSE
	EndGlobalSection
	GlobalSection(ExtensibilityGlobals) = postSolution
		SolutionGuid = {ACD922A9-3DA5-47FF-84D6-3706A31E4085}
	EndGlobalSection
EndGlobal
