
Microsoft Visual Studio Solution File, Format Version 12.00
# Visual Studio Version 16
VisualStudioVersion = 16.0.29613.14
MinimumVisualStudioVersion = 10.0.40219.1
Project("{FAE04EC0-301F-11D3-BF4B-00C04F79EFBC}") = "EFCore01", "EFCore01\EFCore01.csproj", "{8D58097C-5308-484D-A559-45D042EEBB1A}"
EndProject
Project("{FAE04EC0-301F-11D3-BF4B-00C04F79EFBC}") = "EFCore02", "EFCore02\EFCore02.csproj", "{FC16378F-57F9-4D3F-9618-7D0261A35043}"
EndProject
Global
	GlobalSection(SolutionConfigurationPlatforms) = preSolution
		Debug|Any CPU = Debug|Any CPU
		Release|Any CPU = Release|Any CPU
	EndGlobalSection
	GlobalSection(ProjectConfigurationPlatforms) = postSolution
		{8D58097C-5308-484D-A559-45D042EEBB1A}.Debug|Any CPU.ActiveCfg = Debug|Any CPU
		{8D58097C-5308-484D-A559-45D042EEBB1A}.Debug|Any CPU.Build.0 = Debug|Any CPU
		{8D58097C-5308-484D-A559-45D042EEBB1A}.Release|Any CPU.ActiveCfg = Release|Any CPU
		{8D58097C-5308-484D-A559-45D042EEBB1A}.Release|Any CPU.Build.0 = Release|Any CPU
		{FC16378F-57F9-4D3F-9618-7D0261A35043}.Debug|Any CPU.ActiveCfg = Debug|Any CPU
		{FC16378F-57F9-4D3F-9618-7D0261A35043}.Debug|Any CPU.Build.0 = Debug|Any CPU
		{FC16378F-57F9-4D3F-9618-7D0261A35043}.Release|Any CPU.ActiveCfg = Release|Any CPU
		{FC16378F-57F9-4D3F-9618-7D0261A35043}.Release|Any CPU.Build.0 = Release|Any CPU
	EndGlobalSection
	GlobalSection(SolutionProperties) = preSolution
		HideSolutionNode = FALSE
	EndGlobalSection
	GlobalSection(ExtensibilityGlobals) = postSolution
		SolutionGuid = {90C6FDE0-299A-4841-B4E7-C8769735CB60}
	EndGlobalSection
EndGlobal
