
Microsoft Visual Studio Solution File, Format Version 12.00
# Visual Studio Version 16
VisualStudioVersion = 16.0.29613.14
MinimumVisualStudioVersion = 10.0.40219.1
Project("{FAE04EC0-301F-11D3-BF4B-00C04F79EFBC}") = "ExampleClasses01", "ExampleClasses01\ExampleClasses01.csproj", "{FB18ED3E-1E53-4E85-98A8-DFDEC7500084}"
EndProject
Global
	GlobalSection(SolutionConfigurationPlatforms) = preSolution
		Debug|Any CPU = Debug|Any CPU
		Release|Any CPU = Release|Any CPU
	EndGlobalSection
	GlobalSection(ProjectConfigurationPlatforms) = postSolution
		{FB18ED3E-1E53-4E85-98A8-DFDEC7500084}.Debug|Any CPU.ActiveCfg = Debug|Any CPU
		{FB18ED3E-1E53-4E85-98A8-DFDEC7500084}.Debug|Any CPU.Build.0 = Debug|Any CPU
		{FB18ED3E-1E53-4E85-98A8-DFDEC7500084}.Release|Any CPU.ActiveCfg = Release|Any CPU
		{FB18ED3E-1E53-4E85-98A8-DFDEC7500084}.Release|Any CPU.Build.0 = Release|Any CPU
	EndGlobalSection
	GlobalSection(SolutionProperties) = preSolution
		HideSolutionNode = FALSE
	EndGlobalSection
	GlobalSection(ExtensibilityGlobals) = postSolution
		SolutionGuid = {48DA72A0-1D32-47BE-BE77-E5951656502B}
	EndGlobalSection
EndGlobal
